PODS:
  - ServiceGithub (0.0.2):
    - SwiftKeychainWrapper
  - SwiftKeychainWrapper (3.4.0)

DEPENDENCIES:
  - ServiceGithub (~> 0.0.2)

SPEC REPOS:
  trunk:
    - ServiceGithub
    - SwiftKeychainWrapper

SPEC CHECKSUMS:
  ServiceGithub: f325bb40ca03a46e8919bc6690b5938cf33691d3
  SwiftKeychainWrapper: 6fc49fbf7d4a6b0772917acb0e53a1639f6078d6

PODFILE CHECKSUM: bcf7c3c6008cc72329c0b04f8f8c2218bc209c04

COCOAPODS: 1.8.4
